
Microsoft Visual Studio Solution File, Format Version 12.00
# Visual Studio Version 16
VisualStudioVersion = 16.0.29920.165
MinimumVisualStudioVersion = 10.0.40219.1
Project("{FAE04EC0-301F-11D3-BF4B-00C04F79EFBC}") = "DisqusDemonstration", "DisqusDemonstration\DisqusDemonstration.csproj", "{9999D91E-EB4F-40F7-90C2-1F81E90D6891}"
EndProject
Global
	GlobalSection(SolutionConfigurationPlatforms) = preSolution
		Debug|Any CPU = Debug|Any CPU
		Release|Any CPU = Release|Any CPU
	EndGlobalSection
	GlobalSection(ProjectConfigurationPlatforms) = postSolution
		{9999D91E-EB4F-40F7-90C2-1F81E90D6891}.Debug|Any CPU.ActiveCfg = Debug|Any CPU
		{9999D91E-EB4F-40F7-90C2-1F81E90D6891}.Debug|Any CPU.Build.0 = Debug|Any CPU
		{9999D91E-EB4F-40F7-90C2-1F81E90D6891}.Release|Any CPU.ActiveCfg = Release|Any CPU
		{9999D91E-EB4F-40F7-90C2-1F81E90D6891}.Release|Any CPU.Build.0 = Release|Any CPU
	EndGlobalSection
	GlobalSection(SolutionProperties) = preSolution
		HideSolutionNode = FALSE
	EndGlobalSection
	GlobalSection(ExtensibilityGlobals) = postSolution
		SolutionGuid = {F4A608FA-60BC-4214-AA1D-64D9FC6BFB32}
	EndGlobalSection
EndGlobal
